
Microsoft Visual Studio Solution File, Format Version 12.00
# Visual Studio 15
VisualStudioVersion = 15.0.28307.1000
MinimumVisualStudioVersion = 10.0.40219.1
Project("{FAE04EC0-301F-11D3-BF4B-00C04F79EFBC}") = "EmguFaceDetection", "EmguFaceDetection\EmguFaceDetection.csproj", "{B0DC70B9-610F-4D4B-AFBF-5ABB6E9523A7}"
EndProject
Global
	GlobalSection(SolutionConfigurationPlatforms) = preSolution
		Debug|Any CPU = Debug|Any CPU
		Release|Any CPU = Release|Any CPU
	EndGlobalSection
	GlobalSection(ProjectConfigurationPlatforms) = postSolution
		{B0DC70B9-610F-4D4B-AFBF-5ABB6E9523A7}.Debug|Any CPU.ActiveCfg = Debug|Any CPU
		{B0DC70B9-610F-4D4B-AFBF-5ABB6E9523A7}.Debug|Any CPU.Build.0 = Debug|Any CPU
		{B0DC70B9-610F-4D4B-AFBF-5ABB6E9523A7}.Release|Any CPU.ActiveCfg = Release|Any CPU
		{B0DC70B9-610F-4D4B-AFBF-5ABB6E9523A7}.Release|Any CPU.Build.0 = Release|Any CPU
	EndGlobalSection
	GlobalSection(SolutionProperties) = preSolution
		HideSolutionNode = FALSE
	EndGlobalSection
	GlobalSection(ExtensibilityGlobals) = postSolution
		SolutionGuid = {120BCDC8-A093-4E5D-ADCF-C20C5E1D3192}
	EndGlobalSection
EndGlobal
